version: 1
checksums:
  55dc377b5e931bfc64e4add83e35d9ea:
    header/nav/home: 104a3db3b671c04e167eafbe21e57881
    header/nav/features: 341ff316a339b106a178f0b8d362951b
    header/nav/pricing: ce27f1aeacccc542a174c4b2bce022b0
    header/nav/about: 944521eeeed2511833d2299931273c71
    header/nav/contact: 9afa39bc47019ee6dec6c74b6273967c
    header/theme/light: bb78ea2c6edd8662676c81a8a13ecb93
    header/theme/dark: 73e6e208ba628b26e90fcf6dce15e1b2
    header/theme/system: 803281c327a02a2feba182f4a2b38311
    header/login: 9fb886eff8d1d67d8bb79f5c3f78edde
    header/signup: a6a0b995463f62ce6a12e37f1d05a9bd
